
Microsoft Visual Studio Solution File, Format Version 12.00
# Visual Studio 15
VisualStudioVersion = 15.0.26730.12
MinimumVisualStudioVersion = 10.0.40219.1
Project("{FAE04EC0-301F-11D3-BF4B-00C04F79EFBC}") = "ConvertToIEEE754Lib", "ConvertToIEEE754Lib\ConvertToIEEE754Lib.csproj", "{DAF13092-A08F-4AB1-AFE5-62B36731881F}"
EndProject
Project("{FAE04EC0-301F-11D3-BF4B-00C04F79EFBC}") = "ConvertToIEEE754LibTests", "ConvertToIEEE754LibTests\ConvertToIEEE754LibTests.csproj", "{35987C18-687E-418D-9FAE-22382F444D51}"
EndProject
Global
	GlobalSection(SolutionConfigurationPlatforms) = preSolution
		Debug|Any CPU = Debug|Any CPU
		Release|Any CPU = Release|Any CPU
	EndGlobalSection
	GlobalSection(ProjectConfigurationPlatforms) = postSolution
		{DAF13092-A08F-4AB1-AFE5-62B36731881F}.Debug|Any CPU.ActiveCfg = Debug|Any CPU
		{DAF13092-A08F-4AB1-AFE5-62B36731881F}.Debug|Any CPU.Build.0 = Debug|Any CPU
		{DAF13092-A08F-4AB1-AFE5-62B36731881F}.Release|Any CPU.ActiveCfg = Release|Any CPU
		{DAF13092-A08F-4AB1-AFE5-62B36731881F}.Release|Any CPU.Build.0 = Release|Any CPU
		{35987C18-687E-418D-9FAE-22382F444D51}.Debug|Any CPU.ActiveCfg = Debug|Any CPU
		{35987C18-687E-418D-9FAE-22382F444D51}.Debug|Any CPU.Build.0 = Debug|Any CPU
		{35987C18-687E-418D-9FAE-22382F444D51}.Release|Any CPU.ActiveCfg = Release|Any CPU
		{35987C18-687E-418D-9FAE-22382F444D51}.Release|Any CPU.Build.0 = Release|Any CPU
	EndGlobalSection
	GlobalSection(SolutionProperties) = preSolution
		HideSolutionNode = FALSE
	EndGlobalSection
	GlobalSection(ExtensibilityGlobals) = postSolution
		SolutionGuid = {4A4DA9BA-9380-4A44-BFA4-034E563B2CDE}
	EndGlobalSection
EndGlobal
